// !$*UTF8*$!
{
	archiveVersion = 1;
	classes = {
	};
	objectVersion = 77;
	objects = {

/* Begin PBXBuildFile section */
		411E03D02CDC1A430089073E /* LayoutFactory.swift in Sources */ = {isa = PBXBuildFile; fileRef = 411E03CF2CDC1A3D0089073E /* LayoutFactory.swift */; };
		411E03D32CDC1ED60089073E /* HomePosterCell.swift in Sources */ = {isa = PBXBuildFile; fileRef = 411E03D12CDC1ED60089073E /* HomePosterCell.swift */; };
		411E03D42CDC1ED60089073E /* HomePosterCell.xib in Resources */ = {isa = PBXBuildFile; fileRef = 411E03D22CDC1ED60089073E /* HomePosterCell.xib */; };
		411E03D62CDC220B0089073E /* HomeScreenVC+UICollectionViewExtension.swift in Sources */ = {isa = PBXBuildFile; fileRef = 411E03D52CDC21FC0089073E /* HomeScreenVC+UICollectionViewExtension.swift */; };
		411E03D92CDC820A0089073E /* UIView+Extension.swift in Sources */ = {isa = PBXBuildFile; fileRef = 411E03D82CDC82030089073E /* UIView+Extension.swift */; };
		411E03DB2CDCA4C70089073E /* Titles.swift in Sources */ = {isa = PBXBuildFile; fileRef = 411E03DA2CDCA4C20089073E /* Titles.swift */; };
		411E03DE2CDCAB4A0089073E /* PageControlFooterView.swift in Sources */ = {isa = PBXBuildFile; fileRef = 411E03DD2CDCAB4A0089073E /* PageControlFooterView.swift */; };
		4133036D2CDDA9F80010B769 /* HomeTitleCell.xib in Resources */ = {isa = PBXBuildFile; fileRef = 4133036C2CDDA9F80010B769 /* HomeTitleCell.xib */; };
		4133036E2CDDA9F80010B769 /* HomeTitleCell.swift in Sources */ = {isa = PBXBuildFile; fileRef = 4133036B2CDDA9F80010B769 /* HomeTitleCell.swift */; };
		413303702CDDADA40010B769 /* HeaderView.swift in Sources */ = {isa = PBXBuildFile; fileRef = 4133036F2CDDADA00010B769 /* HeaderView.swift */; };
		413303732CDDCB100010B769 /* FetchType.swift in Sources */ = {isa = PBXBuildFile; fileRef = 413303722CDDCB100010B769 /* FetchType.swift */; };
		4133037C2CDDDECC0010B769 /* TitlesListScreen.storyboard in Resources */ = {isa = PBXBuildFile; fileRef = 4133037B2CDDDECC0010B769 /* TitlesListScreen.storyboard */; };
		4133037E2CDDDEEA0010B769 /* TitlesListScreenVC.swift in Sources */ = {isa = PBXBuildFile; fileRef = 4133037D2CDDDEE90010B769 /* TitlesListScreenVC.swift */; };
		413303812CDDE05E0010B769 /* TitleTableCell.swift in Sources */ = {isa = PBXBuildFile; fileRef = 4133037F2CDDE05E0010B769 /* TitleTableCell.swift */; };
		413303822CDDE05E0010B769 /* TitleTableCell.xib in Resources */ = {isa = PBXBuildFile; fileRef = 413303802CDDE05E0010B769 /* TitleTableCell.xib */; };
		413303852CDDE3070010B769 /* String+Extension.swift in Sources */ = {isa = PBXBuildFile; fileRef = 413303842CDDE3070010B769 /* String+Extension.swift */; };
		413303882CDDE38B0010B769 /* Date+Extension.swift in Sources */ = {isa = PBXBuildFile; fileRef = 413303872CDDE3880010B769 /* Date+Extension.swift */; };
		4133038C2CDDE8980010B769 /* TabBarScreenVC.swift in Sources */ = {isa = PBXBuildFile; fileRef = 4133038A2CDDE8980010B769 /* TabBarScreenVC.swift */; };
		413303932CDDE9050010B769 /* TabBarScreen.storyboard in Resources */ = {isa = PBXBuildFile; fileRef = 413303922CDDE9050010B769 /* TabBarScreen.storyboard */; };
		4133039B2CDDE9D70010B769 /* UserInfoScreen.storyboard in Resources */ = {isa = PBXBuildFile; fileRef = 4133039A2CDDE9D70010B769 /* UserInfoScreen.storyboard */; };
		4133039D2CDDE9FF0010B769 /* UserInfoScreenVC.swift in Sources */ = {isa = PBXBuildFile; fileRef = 4133039C2CDDE9FF0010B769 /* UserInfoScreenVC.swift */; };
		4133039F2CDDEDE60010B769 /* TitlesListScreenInteractor.swift in Sources */ = {isa = PBXBuildFile; fileRef = 4133039E2CDDEDDD0010B769 /* TitlesListScreenInteractor.swift */; };
		413303A12CDDEDFD0010B769 /* TitlesListScreenPresenter.swift in Sources */ = {isa = PBXBuildFile; fileRef = 413303A02CDDEDFD0010B769 /* TitlesListScreenPresenter.swift */; };
		413303A32CDDEE060010B769 /* TitlesListScreenRouter.swift in Sources */ = {isa = PBXBuildFile; fileRef = 413303A22CDDEE060010B769 /* TitlesListScreenRouter.swift */; };
		413303AA2CDE16400010B769 /* GetLanguageCode.swift in Sources */ = {isa = PBXBuildFile; fileRef = 413303A92CDE16380010B769 /* GetLanguageCode.swift */; };
		413303B22CDE23360010B769 /* TitleDetailScreen.storyboard in Resources */ = {isa = PBXBuildFile; fileRef = 413303B12CDE23360010B769 /* TitleDetailScreen.storyboard */; };
		413303B42CDE23510010B769 /* TitleDetailScreenVC.swift in Sources */ = {isa = PBXBuildFile; fileRef = 413303B32CDE23510010B769 /* TitleDetailScreenVC.swift */; };
		415782522CDE6FB800DB83BE /* LoginScreen.storyboard in Resources */ = {isa = PBXBuildFile; fileRef = 415782512CDE6FB800DB83BE /* LoginScreen.storyboard */; };
		415782542CDE6FC500DB83BE /* LoginScreenVC.swift in Sources */ = {isa = PBXBuildFile; fileRef = 415782532CDE6FC500DB83BE /* LoginScreenVC.swift */; };
		4178BFA12CDF3377000D7A79 /* UIViewController+Extension.swift in Sources */ = {isa = PBXBuildFile; fileRef = 4178BFA02CDF336E000D7A79 /* UIViewController+Extension.swift */; };
		4178BFA32CDF3550000D7A79 /* LoginScreenVC+Extension.swift in Sources */ = {isa = PBXBuildFile; fileRef = 4178BFA22CDF3548000D7A79 /* LoginScreenVC+Extension.swift */; };
		4178BFA72CDF35C3000D7A79 /* TextFieldTypeEnum.swift in Sources */ = {isa = PBXBuildFile; fileRef = 4178BFA62CDF35BD000D7A79 /* TextFieldTypeEnum.swift */; };
		418FB3672CE0AAFD0094FF7E /* WelcomingScreen.storyboard in Resources */ = {isa = PBXBuildFile; fileRef = 418FB3662CE0AAFD0094FF7E /* WelcomingScreen.storyboard */; };
		418FB3692CE0AB1A0094FF7E /* WelcomingScreenVC.swift in Sources */ = {isa = PBXBuildFile; fileRef = 418FB3682CE0AB1A0094FF7E /* WelcomingScreenVC.swift */; };
		418FB36B2CE0AF110094FF7E /* WelcomingScreenPresenter.swift in Sources */ = {isa = PBXBuildFile; fileRef = 418FB36A2CE0AF070094FF7E /* WelcomingScreenPresenter.swift */; };
		418FB36D2CE0AF5D0094FF7E /* WelcomingScreenRouter.swift in Sources */ = {isa = PBXBuildFile; fileRef = 418FB36C2CE0AF540094FF7E /* WelcomingScreenRouter.swift */; };
		418FB3752CE0B1EE0094FF7E /* SignUpScreen.storyboard in Resources */ = {isa = PBXBuildFile; fileRef = 418FB3742CE0B1EE0094FF7E /* SignUpScreen.storyboard */; };
		418FB3772CE0B1FD0094FF7E /* SignUpScreenVC.swift in Sources */ = {isa = PBXBuildFile; fileRef = 418FB3762CE0B1FD0094FF7E /* SignUpScreenVC.swift */; };
		41C08FFD2CDB4953000CFBE5 /* UIImageView+Extension.swift in Sources */ = {isa = PBXBuildFile; fileRef = 41C08FFC2CDB4941000CFBE5 /* UIImageView+Extension.swift */; };
		41C090092CDB4BB0000CFBE5 /* CustomLaunchScreenPresenter.swift in Sources */ = {isa = PBXBuildFile; fileRef = 41C090082CDB4BA3000CFBE5 /* CustomLaunchScreenPresenter.swift */; };
		41C0900B2CDB4BE8000CFBE5 /* CustomLaunchScreenRouter.swift in Sources */ = {isa = PBXBuildFile; fileRef = 41C0900A2CDB4BE2000CFBE5 /* CustomLaunchScreenRouter.swift */; };
		41C0900E2CDB4C1F000CFBE5 /* ViewIdentity.swift in Sources */ = {isa = PBXBuildFile; fileRef = 41C0900D2CDB4C12000CFBE5 /* ViewIdentity.swift */; };
		41C090162CDB50A5000CFBE5 /* HomeScreen.storyboard in Resources */ = {isa = PBXBuildFile; fileRef = 41C090152CDB50A5000CFBE5 /* HomeScreen.storyboard */; };
		41C090182CDB50B5000CFBE5 /* HomeScreenVC.swift in Sources */ = {isa = PBXBuildFile; fileRef = 41C090172CDB50B5000CFBE5 /* HomeScreenVC.swift */; };
		41C0901D2CDB5B41000CFBE5 /* Localizable.xcstrings in Resources */ = {isa = PBXBuildFile; fileRef = 41C0901C2CDB5B41000CFBE5 /* Localizable.xcstrings */; };
		41D5AFBF2CDC16F700D87EC9 /* HomeStrings.swift in Sources */ = {isa = PBXBuildFile; fileRef = 41D5AFBE2CDC16F200D87EC9 /* HomeStrings.swift */; };
		41E478EF2CDB3DEC0012C6D7 /* AppDelegate.swift in Sources */ = {isa = PBXBuildFile; fileRef = 41E478E32CDB3DEC0012C6D7 /* AppDelegate.swift */; };
		41E478F02CDB3DEC0012C6D7 /* El_Taquillero.xcdatamodeld in Sources */ = {isa = PBXBuildFile; fileRef = 41E478E52CDB3DEC0012C6D7 /* El_Taquillero.xcdatamodeld */; };
		41E478F12CDB3DEC0012C6D7 /* SceneDelegate.swift in Sources */ = {isa = PBXBuildFile; fileRef = 41E478EB2CDB3DEC0012C6D7 /* SceneDelegate.swift */; };
		41E478F32CDB3DEC0012C6D7 /* Assets.xcassets in Resources */ = {isa = PBXBuildFile; fileRef = 41E478E42CDB3DEC0012C6D7 /* Assets.xcassets */; };
		41E478F52CDB3DEC0012C6D7 /* LaunchScreen.storyboard in Resources */ = {isa = PBXBuildFile; fileRef = 41E478E82CDB3DEC0012C6D7 /* LaunchScreen.storyboard */; };
		41E478F62CDB3DEC0012C6D7 /* Main.storyboard in Resources */ = {isa = PBXBuildFile; fileRef = 41E478EA2CDB3DEC0012C6D7 /* Main.storyboard */; };
		41E478F92CDB3DF00012C6D7 /* El_TaquilleroTests.swift in Sources */ = {isa = PBXBuildFile; fileRef = 41E478F72CDB3DF00012C6D7 /* El_TaquilleroTests.swift */; };
		41E478FD2CDB3DF20012C6D7 /* El_TaquilleroUITests.swift in Sources */ = {isa = PBXBuildFile; fileRef = 41E478FA2CDB3DF20012C6D7 /* El_TaquilleroUITests.swift */; };
		41E478FE2CDB3DF20012C6D7 /* El_TaquilleroUITestsLaunchTests.swift in Sources */ = {isa = PBXBuildFile; fileRef = 41E478FB2CDB3DF20012C6D7 /* El_TaquilleroUITestsLaunchTests.swift */; };
		41E479022CDB3FFD0012C6D7 /* CustomLaunchScreen.storyboard in Resources */ = {isa = PBXBuildFile; fileRef = 41E479012CDB3FFD0012C6D7 /* CustomLaunchScreen.storyboard */; };
		41E479062CDB40BB0012C6D7 /* CustomLaunchScreenVC.swift in Sources */ = {isa = PBXBuildFile; fileRef = 41E479052CDB40BB0012C6D7 /* CustomLaunchScreenVC.swift */; };
		41E4791A2CDB457D0012C6D7 /* Lato-Thin.ttf in Resources */ = {isa = PBXBuildFile; fileRef = 41E479162CDB457D0012C6D7 /* Lato-Thin.ttf */; };
		41E4791B2CDB457D0012C6D7 /* OFL.txt in Resources */ = {isa = PBXBuildFile; fileRef = 41E479182CDB457D0012C6D7 /* OFL.txt */; };
		41E4791C2CDB457D0012C6D7 /* Lato-BlackItalic.ttf in Resources */ = {isa = PBXBuildFile; fileRef = 41E4790F2CDB457D0012C6D7 /* Lato-BlackItalic.ttf */; };
		41E4791D2CDB457D0012C6D7 /* Lato-LightItalic.ttf in Resources */ = {isa = PBXBuildFile; fileRef = 41E479142CDB457D0012C6D7 /* Lato-LightItalic.ttf */; };
		41E4791E2CDB457D0012C6D7 /* Lato-Italic.ttf in Resources */ = {isa = PBXBuildFile; fileRef = 41E479122CDB457D0012C6D7 /* Lato-Italic.ttf */; };
		41E4791F2CDB457D0012C6D7 /* Lato-ThinItalic.ttf in Resources */ = {isa = PBXBuildFile; fileRef = 41E479172CDB457D0012C6D7 /* Lato-ThinItalic.ttf */; };
		41E479202CDB457D0012C6D7 /* Lato-Regular.ttf in Resources */ = {isa = PBXBuildFile; fileRef = 41E479152CDB457D0012C6D7 /* Lato-Regular.ttf */; };
		41E479212CDB457D0012C6D7 /* Lato-Black.ttf in Resources */ = {isa = PBXBuildFile; fileRef = 41E4790E2CDB457D0012C6D7 /* Lato-Black.ttf */; };
		41E479222CDB457D0012C6D7 /* Lato-Light.ttf in Resources */ = {isa = PBXBuildFile; fileRef = 41E479132CDB457D0012C6D7 /* Lato-Light.ttf */; };
		41E479232CDB457D0012C6D7 /* Lato-Bold.ttf in Resources */ = {isa = PBXBuildFile; fileRef = 41E479102CDB457D0012C6D7 /* Lato-Bold.ttf */; };
		41E479242CDB457D0012C6D7 /* Lato-BoldItalic.ttf in Resources */ = {isa = PBXBuildFile; fileRef = 41E479112CDB457D0012C6D7 /* Lato-BoldItalic.ttf */; };
		41FFE69B2CDD56F7007A3800 /* Endpoint.swift in Sources */ = {isa = PBXBuildFile; fileRef = 41FFE69A2CDD56F7007A3800 /* Endpoint.swift */; };
		41FFE69D2CDD5713007A3800 /* RequestComponents.swift in Sources */ = {isa = PBXBuildFile; fileRef = 41FFE69C2CDD5713007A3800 /* RequestComponents.swift */; };
		41FFE69F2CDD5885007A3800 /* HTTPRequest.swift in Sources */ = {isa = PBXBuildFile; fileRef = 41FFE69E2CDD5881007A3800 /* HTTPRequest.swift */; };
		41FFE6A22CDD593F007A3800 /* HomeEndpoints.swift in Sources */ = {isa = PBXBuildFile; fileRef = 41FFE6A12CDD593F007A3800 /* HomeEndpoints.swift */; };
		41FFE6A42CDD5EAA007A3800 /* Config.plist in Resources */ = {isa = PBXBuildFile; fileRef = 41FFE6A32CDD5EAA007A3800 /* Config.plist */; };
		41FFE6A62CDD6055007A3800 /* ReadToken.swift in Sources */ = {isa = PBXBuildFile; fileRef = 41FFE6A52CDD6048007A3800 /* ReadToken.swift */; };
		41FFE6A82CDD62B3007A3800 /* HomeServices.swift in Sources */ = {isa = PBXBuildFile; fileRef = 41FFE6A72CDD62AE007A3800 /* HomeServices.swift */; };
		41FFE6AA2CDD7272007A3800 /* HomeScreenInteractor.swift in Sources */ = {isa = PBXBuildFile; fileRef = 41FFE6A92CDD7268007A3800 /* HomeScreenInteractor.swift */; };
		41FFE6AC2CDD767D007A3800 /* HomeScreenPresenter.swift in Sources */ = {isa = PBXBuildFile; fileRef = 41FFE6AB2CDD7678007A3800 /* HomeScreenPresenter.swift */; };
		41FFE6AE2CDD7905007A3800 /* HomeScreenRouter.swift in Sources */ = {isa = PBXBuildFile; fileRef = 41FFE6AD2CDD7900007A3800 /* HomeScreenRouter.swift */; };
/* End PBXBuildFile section */

/* Begin PBXContainerItemProxy section */
		41E478C62CDB3DE00012C6D7 /* PBXContainerItemProxy */ = {
			isa = PBXContainerItemProxy;
			containerPortal = 41E478A42CDB3DDE0012C6D7 /* Project object */;
			proxyType = 1;
			remoteGlobalIDString = 41E478AB2CDB3DDE0012C6D7;
			remoteInfo = "El Taquillero";
		};
		41E478D02CDB3DE00012C6D7 /* PBXContainerItemProxy */ = {
			isa = PBXContainerItemProxy;
			containerPortal = 41E478A42CDB3DDE0012C6D7 /* Project object */;
			proxyType = 1;
			remoteGlobalIDString = 41E478AB2CDB3DDE0012C6D7;
			remoteInfo = "El Taquillero";
		};
/* End PBXContainerItemProxy section */

/* Begin PBXFileReference section */
		411E03CF2CDC1A3D0089073E /* LayoutFactory.swift */ = {isa = PBXFileReference; lastKnownFileType = sourcecode.swift; path = LayoutFactory.swift; sourceTree = "<group>"; };
		411E03D12CDC1ED60089073E /* HomePosterCell.swift */ = {isa = PBXFileReference; lastKnownFileType = sourcecode.swift; path = HomePosterCell.swift; sourceTree = "<group>"; };
		411E03D22CDC1ED60089073E /* HomePosterCell.xib */ = {isa = PBXFileReference; lastKnownFileType = file.xib; path = HomePosterCell.xib; sourceTree = "<group>"; };
		411E03D52CDC21FC0089073E /* HomeScreenVC+UICollectionViewExtension.swift */ = {isa = PBXFileReference; lastKnownFileType = sourcecode.swift; path = "HomeScreenVC+UICollectionViewExtension.swift"; sourceTree = "<group>"; };
		411E03D82CDC82030089073E /* UIView+Extension.swift */ = {isa = PBXFileReference; lastKnownFileType = sourcecode.swift; path = "UIView+Extension.swift"; sourceTree = "<group>"; };
		411E03DA2CDCA4C20089073E /* Titles.swift */ = {isa = PBXFileReference; lastKnownFileType = sourcecode.swift; path = Titles.swift; sourceTree = "<group>"; };
		411E03DD2CDCAB4A0089073E /* PageControlFooterView.swift */ = {isa = PBXFileReference; lastKnownFileType = sourcecode.swift; path = PageControlFooterView.swift; sourceTree = "<group>"; };
		4133036B2CDDA9F80010B769 /* HomeTitleCell.swift */ = {isa = PBXFileReference; lastKnownFileType = sourcecode.swift; path = HomeTitleCell.swift; sourceTree = "<group>"; };
		4133036C2CDDA9F80010B769 /* HomeTitleCell.xib */ = {isa = PBXFileReference; lastKnownFileType = file.xib; path = HomeTitleCell.xib; sourceTree = "<group>"; };
		4133036F2CDDADA00010B769 /* HeaderView.swift */ = {isa = PBXFileReference; lastKnownFileType = sourcecode.swift; path = HeaderView.swift; sourceTree = "<group>"; };
		413303722CDDCB100010B769 /* FetchType.swift */ = {isa = PBXFileReference; lastKnownFileType = sourcecode.swift; path = FetchType.swift; sourceTree = "<group>"; };
		4133037B2CDDDECC0010B769 /* TitlesListScreen.storyboard */ = {isa = PBXFileReference; lastKnownFileType = file.storyboard; path = TitlesListScreen.storyboard; sourceTree = "<group>"; };
		4133037D2CDDDEE90010B769 /* TitlesListScreenVC.swift */ = {isa = PBXFileReference; lastKnownFileType = sourcecode.swift; path = TitlesListScreenVC.swift; sourceTree = "<group>"; };
		4133037F2CDDE05E0010B769 /* TitleTableCell.swift */ = {isa = PBXFileReference; lastKnownFileType = sourcecode.swift; path = TitleTableCell.swift; sourceTree = "<group>"; };
		413303802CDDE05E0010B769 /* TitleTableCell.xib */ = {isa = PBXFileReference; lastKnownFileType = file.xib; path = TitleTableCell.xib; sourceTree = "<group>"; };
		413303842CDDE3070010B769 /* String+Extension.swift */ = {isa = PBXFileReference; lastKnownFileType = sourcecode.swift; path = "String+Extension.swift"; sourceTree = "<group>"; };
		413303872CDDE3880010B769 /* Date+Extension.swift */ = {isa = PBXFileReference; lastKnownFileType = sourcecode.swift; path = "Date+Extension.swift"; sourceTree = "<group>"; };
		4133038A2CDDE8980010B769 /* TabBarScreenVC.swift */ = {isa = PBXFileReference; lastKnownFileType = sourcecode.swift; path = TabBarScreenVC.swift; sourceTree = "<group>"; };
		413303922CDDE9050010B769 /* TabBarScreen.storyboard */ = {isa = PBXFileReference; lastKnownFileType = file.storyboard; path = TabBarScreen.storyboard; sourceTree = "<group>"; };
		4133039A2CDDE9D70010B769 /* UserInfoScreen.storyboard */ = {isa = PBXFileReference; lastKnownFileType = file.storyboard; path = UserInfoScreen.storyboard; sourceTree = "<group>"; };
		4133039C2CDDE9FF0010B769 /* UserInfoScreenVC.swift */ = {isa = PBXFileReference; lastKnownFileType = sourcecode.swift; path = UserInfoScreenVC.swift; sourceTree = "<group>"; };
		4133039E2CDDEDDD0010B769 /* TitlesListScreenInteractor.swift */ = {isa = PBXFileReference; lastKnownFileType = sourcecode.swift; path = TitlesListScreenInteractor.swift; sourceTree = "<group>"; };
		413303A02CDDEDFD0010B769 /* TitlesListScreenPresenter.swift */ = {isa = PBXFileReference; lastKnownFileType = sourcecode.swift; path = TitlesListScreenPresenter.swift; sourceTree = "<group>"; };
		413303A22CDDEE060010B769 /* TitlesListScreenRouter.swift */ = {isa = PBXFileReference; lastKnownFileType = sourcecode.swift; path = TitlesListScreenRouter.swift; sourceTree = "<group>"; };
		413303A92CDE16380010B769 /* GetLanguageCode.swift */ = {isa = PBXFileReference; lastKnownFileType = sourcecode.swift; path = GetLanguageCode.swift; sourceTree = "<group>"; };
		413303B12CDE23360010B769 /* TitleDetailScreen.storyboard */ = {isa = PBXFileReference; lastKnownFileType = file.storyboard; path = TitleDetailScreen.storyboard; sourceTree = "<group>"; };
		413303B32CDE23510010B769 /* TitleDetailScreenVC.swift */ = {isa = PBXFileReference; lastKnownFileType = sourcecode.swift; path = TitleDetailScreenVC.swift; sourceTree = "<group>"; };
		415782512CDE6FB800DB83BE /* LoginScreen.storyboard */ = {isa = PBXFileReference; lastKnownFileType = file.storyboard; path = LoginScreen.storyboard; sourceTree = "<group>"; };
		415782532CDE6FC500DB83BE /* LoginScreenVC.swift */ = {isa = PBXFileReference; lastKnownFileType = sourcecode.swift; path = LoginScreenVC.swift; sourceTree = "<group>"; };
		4178BFA02CDF336E000D7A79 /* UIViewController+Extension.swift */ = {isa = PBXFileReference; lastKnownFileType = sourcecode.swift; path = "UIViewController+Extension.swift"; sourceTree = "<group>"; };
		4178BFA22CDF3548000D7A79 /* LoginScreenVC+Extension.swift */ = {isa = PBXFileReference; lastKnownFileType = sourcecode.swift; path = "LoginScreenVC+Extension.swift"; sourceTree = "<group>"; };
		4178BFA62CDF35BD000D7A79 /* TextFieldTypeEnum.swift */ = {isa = PBXFileReference; lastKnownFileType = sourcecode.swift; path = TextFieldTypeEnum.swift; sourceTree = "<group>"; };
		418FB3662CE0AAFD0094FF7E /* WelcomingScreen.storyboard */ = {isa = PBXFileReference; lastKnownFileType = file.storyboard; path = WelcomingScreen.storyboard; sourceTree = "<group>"; };
		418FB3682CE0AB1A0094FF7E /* WelcomingScreenVC.swift */ = {isa = PBXFileReference; lastKnownFileType = sourcecode.swift; path = WelcomingScreenVC.swift; sourceTree = "<group>"; };
		418FB36A2CE0AF070094FF7E /* WelcomingScreenPresenter.swift */ = {isa = PBXFileReference; lastKnownFileType = sourcecode.swift; path = WelcomingScreenPresenter.swift; sourceTree = "<group>"; };
		418FB36C2CE0AF540094FF7E /* WelcomingScreenRouter.swift */ = {isa = PBXFileReference; lastKnownFileType = sourcecode.swift; path = WelcomingScreenRouter.swift; sourceTree = "<group>"; };
		418FB3742CE0B1EE0094FF7E /* SignUpScreen.storyboard */ = {isa = PBXFileReference; lastKnownFileType = file.storyboard; path = SignUpScreen.storyboard; sourceTree = "<group>"; };
		418FB3762CE0B1FD0094FF7E /* SignUpScreenVC.swift */ = {isa = PBXFileReference; lastKnownFileType = sourcecode.swift; path = SignUpScreenVC.swift; sourceTree = "<group>"; };
		41C08FFC2CDB4941000CFBE5 /* UIImageView+Extension.swift */ = {isa = PBXFileReference; lastKnownFileType = sourcecode.swift; path = "UIImageView+Extension.swift"; sourceTree = "<group>"; };
		41C090082CDB4BA3000CFBE5 /* CustomLaunchScreenPresenter.swift */ = {isa = PBXFileReference; lastKnownFileType = sourcecode.swift; path = CustomLaunchScreenPresenter.swift; sourceTree = "<group>"; };
		41C0900A2CDB4BE2000CFBE5 /* CustomLaunchScreenRouter.swift */ = {isa = PBXFileReference; lastKnownFileType = sourcecode.swift; path = CustomLaunchScreenRouter.swift; sourceTree = "<group>"; };
		41C0900D2CDB4C12000CFBE5 /* ViewIdentity.swift */ = {isa = PBXFileReference; lastKnownFileType = sourcecode.swift; path = ViewIdentity.swift; sourceTree = "<group>"; };
		41C090152CDB50A5000CFBE5 /* HomeScreen.storyboard */ = {isa = PBXFileReference; lastKnownFileType = file.storyboard; path = HomeScreen.storyboard; sourceTree = "<group>"; };
		41C090172CDB50B5000CFBE5 /* HomeScreenVC.swift */ = {isa = PBXFileReference; lastKnownFileType = sourcecode.swift; path = HomeScreenVC.swift; sourceTree = "<group>"; };
		41C0901C2CDB5B41000CFBE5 /* Localizable.xcstrings */ = {isa = PBXFileReference; lastKnownFileType = text.json.xcstrings; path = Localizable.xcstrings; sourceTree = "<group>"; };
		41D5AFBE2CDC16F200D87EC9 /* HomeStrings.swift */ = {isa = PBXFileReference; lastKnownFileType = sourcecode.swift; path = HomeStrings.swift; sourceTree = "<group>"; };
		41E478AC2CDB3DDE0012C6D7 /* El Taquillero.app */ = {isa = PBXFileReference; explicitFileType = wrapper.application; includeInIndex = 0; path = "El Taquillero.app"; sourceTree = BUILT_PRODUCTS_DIR; };
		41E478C52CDB3DE00012C6D7 /* El TaquilleroTests.xctest */ = {isa = PBXFileReference; explicitFileType = wrapper.cfbundle; includeInIndex = 0; path = "El TaquilleroTests.xctest"; sourceTree = BUILT_PRODUCTS_DIR; };
		41E478CF2CDB3DE00012C6D7 /* El TaquilleroUITests.xctest */ = {isa = PBXFileReference; explicitFileType = wrapper.cfbundle; includeInIndex = 0; path = "El TaquilleroUITests.xctest"; sourceTree = BUILT_PRODUCTS_DIR; };
		41E478E32CDB3DEC0012C6D7 /* AppDelegate.swift */ = {isa = PBXFileReference; lastKnownFileType = sourcecode.swift; path = AppDelegate.swift; sourceTree = "<group>"; };
		41E478E42CDB3DEC0012C6D7 /* Assets.xcassets */ = {isa = PBXFileReference; lastKnownFileType = folder.assetcatalog; path = Assets.xcassets; sourceTree = "<group>"; };
		41E478E62CDB3DEC0012C6D7 /* Info.plist */ = {isa = PBXFileReference; lastKnownFileType = text.plist.xml; path = Info.plist; sourceTree = "<group>"; };
		41E478E72CDB3DEC0012C6D7 /* Base */ = {isa = PBXFileReference; lastKnownFileType = file.storyboard; name = Base; path = Base.lproj/LaunchScreen.storyboard; sourceTree = "<group>"; };
		41E478E92CDB3DEC0012C6D7 /* Base */ = {isa = PBXFileReference; lastKnownFileType = file.storyboard; name = Base; path = Base.lproj/Main.storyboard; sourceTree = "<group>"; };
		41E478EB2CDB3DEC0012C6D7 /* SceneDelegate.swift */ = {isa = PBXFileReference; lastKnownFileType = sourcecode.swift; path = SceneDelegate.swift; sourceTree = "<group>"; };
		41E478EE2CDB3DEC0012C6D7 /* El_Taquillero.xcdatamodel */ = {isa = PBXFileReference; lastKnownFileType = wrapper.xcdatamodel; path = El_Taquillero.xcdatamodel; sourceTree = "<group>"; };
		41E478F72CDB3DF00012C6D7 /* El_TaquilleroTests.swift */ = {isa = PBXFileReference; lastKnownFileType = sourcecode.swift; path = El_TaquilleroTests.swift; sourceTree = "<group>"; };
		41E478FA2CDB3DF20012C6D7 /* El_TaquilleroUITests.swift */ = {isa = PBXFileReference; lastKnownFileType = sourcecode.swift; path = El_TaquilleroUITests.swift; sourceTree = "<group>"; };
		41E478FB2CDB3DF20012C6D7 /* El_TaquilleroUITestsLaunchTests.swift */ = {isa = PBXFileReference; lastKnownFileType = sourcecode.swift; path = El_TaquilleroUITestsLaunchTests.swift; sourceTree = "<group>"; };
		41E479012CDB3FFD0012C6D7 /* CustomLaunchScreen.storyboard */ = {isa = PBXFileReference; lastKnownFileType = file.storyboard; path = CustomLaunchScreen.storyboard; sourceTree = "<group>"; };
		41E479052CDB40BB0012C6D7 /* CustomLaunchScreenVC.swift */ = {isa = PBXFileReference; lastKnownFileType = sourcecode.swift; path = CustomLaunchScreenVC.swift; sourceTree = "<group>"; };
		41E4790E2CDB457D0012C6D7 /* Lato-Black.ttf */ = {isa = PBXFileReference; lastKnownFileType = file; path = "Lato-Black.ttf"; sourceTree = "<group>"; };
		41E4790F2CDB457D0012C6D7 /* Lato-BlackItalic.ttf */ = {isa = PBXFileReference; lastKnownFileType = file; path = "Lato-BlackItalic.ttf"; sourceTree = "<group>"; };
		41E479102CDB457D0012C6D7 /* Lato-Bold.ttf */ = {isa = PBXFileReference; lastKnownFileType = file; path = "Lato-Bold.ttf"; sourceTree = "<group>"; };
		41E479112CDB457D0012C6D7 /* Lato-BoldItalic.ttf */ = {isa = PBXFileReference; lastKnownFileType = file; path = "Lato-BoldItalic.ttf"; sourceTree = "<group>"; };
		41E479122CDB457D0012C6D7 /* Lato-Italic.ttf */ = {isa = PBXFileReference; lastKnownFileType = file; path = "Lato-Italic.ttf"; sourceTree = "<group>"; };
		41E479132CDB457D0012C6D7 /* Lato-Light.ttf */ = {isa = PBXFileReference; lastKnownFileType = file; path = "Lato-Light.ttf"; sourceTree = "<group>"; };
		41E479142CDB457D0012C6D7 /* Lato-LightItalic.ttf */ = {isa = PBXFileReference; lastKnownFileType = file; path = "Lato-LightItalic.ttf"; sourceTree = "<group>"; };
		41E479152CDB457D0012C6D7 /* Lato-Regular.ttf */ = {isa = PBXFileReference; lastKnownFileType = file; path = "Lato-Regular.ttf"; sourceTree = "<group>"; };
		41E479162CDB457D0012C6D7 /* Lato-Thin.ttf */ = {isa = PBXFileReference; lastKnownFileType = file; path = "Lato-Thin.ttf"; sourceTree = "<group>"; };
		41E479172CDB457D0012C6D7 /* Lato-ThinItalic.ttf */ = {isa = PBXFileReference; lastKnownFileType = file; path = "Lato-ThinItalic.ttf"; sourceTree = "<group>"; };
		41E479182CDB457D0012C6D7 /* OFL.txt */ = {isa = PBXFileReference; lastKnownFileType = text; path = OFL.txt; sourceTree = "<group>"; };
		41FFE69A2CDD56F7007A3800 /* Endpoint.swift */ = {isa = PBXFileReference; lastKnownFileType = sourcecode.swift; path = Endpoint.swift; sourceTree = "<group>"; };
		41FFE69C2CDD5713007A3800 /* RequestComponents.swift */ = {isa = PBXFileReference; lastKnownFileType = sourcecode.swift; path = RequestComponents.swift; sourceTree = "<group>"; };
		41FFE69E2CDD5881007A3800 /* HTTPRequest.swift */ = {isa = PBXFileReference; lastKnownFileType = sourcecode.swift; path = HTTPRequest.swift; sourceTree = "<group>"; };
		41FFE6A12CDD593F007A3800 /* HomeEndpoints.swift */ = {isa = PBXFileReference; lastKnownFileType = sourcecode.swift; path = HomeEndpoints.swift; sourceTree = "<group>"; };
		41FFE6A32CDD5EAA007A3800 /* Config.plist */ = {isa = PBXFileReference; lastKnownFileType = text.plist.xml; path = Config.plist; sourceTree = "<group>"; };
		41FFE6A52CDD6048007A3800 /* ReadToken.swift */ = {isa = PBXFileReference; lastKnownFileType = sourcecode.swift; path = ReadToken.swift; sourceTree = "<group>"; };
		41FFE6A72CDD62AE007A3800 /* HomeServices.swift */ = {isa = PBXFileReference; lastKnownFileType = sourcecode.swift; path = HomeServices.swift; sourceTree = "<group>"; };
		41FFE6A92CDD7268007A3800 /* HomeScreenInteractor.swift */ = {isa = PBXFileReference; lastKnownFileType = sourcecode.swift; path = HomeScreenInteractor.swift; sourceTree = "<group>"; };
		41FFE6AB2CDD7678007A3800 /* HomeScreenPresenter.swift */ = {isa = PBXFileReference; lastKnownFileType = sourcecode.swift; path = HomeScreenPresenter.swift; sourceTree = "<group>"; };
		41FFE6AD2CDD7900007A3800 /* HomeScreenRouter.swift */ = {isa = PBXFileReference; lastKnownFileType = sourcecode.swift; path = HomeScreenRouter.swift; sourceTree = "<group>"; };
/* End PBXFileReference section */

/* Begin PBXFrameworksBuildPhase section */
		41E478A92CDB3DDE0012C6D7 /* Frameworks */ = {
			isa = PBXFrameworksBuildPhase;
			buildActionMask = 2147483647;
			files = (
			);
			runOnlyForDeploymentPostprocessing = 0;
		};
		41E478C22CDB3DE00012C6D7 /* Frameworks */ = {
			isa = PBXFrameworksBuildPhase;
			buildActionMask = 2147483647;
			files = (
			);
			runOnlyForDeploymentPostprocessing = 0;
		};
		41E478CC2CDB3DE00012C6D7 /* Frameworks */ = {
			isa = PBXFrameworksBuildPhase;
			buildActionMask = 2147483647;
			files = (
			);
			runOnlyForDeploymentPostprocessing = 0;
		};
/* End PBXFrameworksBuildPhase section */

/* Begin PBXGroup section */
		411E03CB2CDC19AA0089073E /* LayoutFactory */ = {
			isa = PBXGroup;
			children = (
				411E03CF2CDC1A3D0089073E /* LayoutFactory.swift */,
			);
			path = LayoutFactory;
			sourceTree = "<group>";
		};
		411E03CC2CDC19BE0089073E /* View */ = {
			isa = PBXGroup;
			children = (
				411E03CD2CDC19CF0089073E /* ViewCells */,
				41C090152CDB50A5000CFBE5 /* HomeScreen.storyboard */,
			);
			path = View;
			sourceTree = "<group>";
		};
		411E03CD2CDC19CF0089073E /* ViewCells */ = {
			isa = PBXGroup;
			children = (
				411E03D12CDC1ED60089073E /* HomePosterCell.swift */,
				411E03D22CDC1ED60089073E /* HomePosterCell.xib */,
				4133036B2CDDA9F80010B769 /* HomeTitleCell.swift */,
				4133036C2CDDA9F80010B769 /* HomeTitleCell.xib */,
			);
			path = ViewCells;
			sourceTree = "<group>";
		};
		411E03CE2CDC19D50089073E /* ViewController */ = {
			isa = PBXGroup;
			children = (
				411E03D52CDC21FC0089073E /* HomeScreenVC+UICollectionViewExtension.swift */,
				41C090172CDB50B5000CFBE5 /* HomeScreenVC.swift */,
			);
			path = ViewController;
			sourceTree = "<group>";
		};
		411E03D72CDC81FB0089073E /* UIView */ = {
			isa = PBXGroup;
			children = (
				411E03D82CDC82030089073E /* UIView+Extension.swift */,
			);
			path = UIView;
			sourceTree = "<group>";
		};
		411E03DC2CDCAB310089073E /* AuxiliarViews */ = {
			isa = PBXGroup;
			children = (
				4133036F2CDDADA00010B769 /* HeaderView.swift */,
				411E03DD2CDCAB4A0089073E /* PageControlFooterView.swift */,
			);
			path = AuxiliarViews;
			sourceTree = "<group>";
		};
		413303712CDDCB060010B769 /* FetchTypeEnum */ = {
			isa = PBXGroup;
			children = (
				413303722CDDCB100010B769 /* FetchType.swift */,
			);
			path = FetchTypeEnum;
			sourceTree = "<group>";
		};
		413303742CDDDEA40010B769 /* View */ = {
			isa = PBXGroup;
			children = (
				4133039A2CDDE9D70010B769 /* UserInfoScreen.storyboard */,
				4133039C2CDDE9FF0010B769 /* UserInfoScreenVC.swift */,
			);
			path = View;
			sourceTree = "<group>";
		};
		413303752CDDDEA40010B769 /* Interactor */ = {
			isa = PBXGroup;
			children = (
			);
			path = Interactor;
			sourceTree = "<group>";
		};
		413303762CDDDEA40010B769 /* Presenter */ = {
			isa = PBXGroup;
			children = (
			);
			path = Presenter;
			sourceTree = "<group>";
		};
		413303772CDDDEA40010B769 /* Entity */ = {
			isa = PBXGroup;
			children = (
			);
			path = Entity;
			sourceTree = "<group>";
		};
		413303782CDDDEA40010B769 /* Router */ = {
			isa = PBXGroup;
			children = (
			);
			path = Router;
			sourceTree = "<group>";
		};
		413303792CDDDEA40010B769 /* UserInfoScreen */ = {
			isa = PBXGroup;
			children = (
				413303742CDDDEA40010B769 /* View */,
				413303752CDDDEA40010B769 /* Interactor */,
				413303762CDDDEA40010B769 /* Presenter */,
				413303772CDDDEA40010B769 /* Entity */,
				413303782CDDDEA40010B769 /* Router */,
			);
			path = UserInfoScreen;
			sourceTree = "<group>";
		};
		4133037A2CDDDEB80010B769 /* ViewCells */ = {
			isa = PBXGroup;
			children = (
				4133037F2CDDE05E0010B769 /* TitleTableCell.swift */,
				413303802CDDE05E0010B769 /* TitleTableCell.xib */,
			);
			path = ViewCells;
			sourceTree = "<group>";
		};
		413303832CDDE2F90010B769 /* String */ = {
			isa = PBXGroup;
			children = (
				413303842CDDE3070010B769 /* String+Extension.swift */,
			);
			path = String;
			sourceTree = "<group>";
		};
		413303862CDDE3830010B769 /* Date */ = {
			isa = PBXGroup;
			children = (
				413303872CDDE3880010B769 /* Date+Extension.swift */,
			);
			path = Date;
			sourceTree = "<group>";
		};
		413303892CDDE82B0010B769 /* TabBar */ = {
			isa = PBXGroup;
			children = (
				413303922CDDE9050010B769 /* TabBarScreen.storyboard */,
				4133038A2CDDE8980010B769 /* TabBarScreenVC.swift */,
			);
			path = TabBar;
			sourceTree = "<group>";
		};
		413303942CDDE9B30010B769 /* View */ = {
			isa = PBXGroup;
			children = (
				413303B12CDE23360010B769 /* TitleDetailScreen.storyboard */,
				413303B32CDE23510010B769 /* TitleDetailScreenVC.swift */,
			);
			path = View;
			sourceTree = "<group>";
		};
		413303952CDDE9B30010B769 /* Interactor */ = {
			isa = PBXGroup;
			children = (
			);
			path = Interactor;
			sourceTree = "<group>";
		};
		413303962CDDE9B30010B769 /* Presenter */ = {
			isa = PBXGroup;
			children = (
			);
			path = Presenter;
			sourceTree = "<group>";
		};
		413303972CDDE9B30010B769 /* Entity */ = {
			isa = PBXGroup;
			children = (
			);
			path = Entity;
			sourceTree = "<group>";
		};
		413303982CDDE9B30010B769 /* Router */ = {
			isa = PBXGroup;
			children = (
			);
			path = Router;
			sourceTree = "<group>";
		};
		413303992CDDE9B30010B769 /* TitleDetailScreeen */ = {
			isa = PBXGroup;
			children = (
				413303942CDDE9B30010B769 /* View */,
				413303952CDDE9B30010B769 /* Interactor */,
				413303962CDDE9B30010B769 /* Presenter */,
				413303972CDDE9B30010B769 /* Entity */,
				413303982CDDE9B30010B769 /* Router */,
			);
			path = TitleDetailScreeen;
			sourceTree = "<group>";
		};
		413303A62CDE161C0010B769 /* GetLanguage */ = {
			isa = PBXGroup;
			children = (
				413303A92CDE16380010B769 /* GetLanguageCode.swift */,
			);
			path = GetLanguage;
			sourceTree = "<group>";
		};
		413303AB2CDE230C0010B769 /* View */ = {
			isa = PBXGroup;
			children = (
			);
			path = View;
			sourceTree = "<group>";
		};
		413303AC2CDE230C0010B769 /* Interactor */ = {
			isa = PBXGroup;
			children = (
			);
			path = Interactor;
			sourceTree = "<group>";
		};
		413303AD2CDE230C0010B769 /* Presenter */ = {
			isa = PBXGroup;
			children = (
			);
			path = Presenter;
			sourceTree = "<group>";
		};
		413303AE2CDE230C0010B769 /* Entity */ = {
			isa = PBXGroup;
			children = (
			);
			path = Entity;
			sourceTree = "<group>";
		};
		413303AF2CDE230C0010B769 /* Router */ = {
			isa = PBXGroup;
			children = (
			);
			path = Router;
			sourceTree = "<group>";
		};
		413303B02CDE230C0010B769 /* Template */ = {
			isa = PBXGroup;
			children = (
				413303AB2CDE230C0010B769 /* View */,
				413303AC2CDE230C0010B769 /* Interactor */,
				413303AD2CDE230C0010B769 /* Presenter */,
				413303AE2CDE230C0010B769 /* Entity */,
				413303AF2CDE230C0010B769 /* Router */,
			);
			path = Template;
			sourceTree = "<group>";
		};
		415782492CDE6F6600DB83BE /* HomeScreens */ = {
			isa = PBXGroup;
			children = (
				41C090142CDB5091000CFBE5 /* HomeScreen */,
				41C090052CDB4ACE000CFBE5 /* TitlesListScreen */,
				413303992CDDE9B30010B769 /* TitleDetailScreeen */,
			);
			path = HomeScreens;
			sourceTree = "<group>";
		};
		4157824A2CDE6F7100DB83BE /* UserInfoScreens */ = {
			isa = PBXGroup;
			children = (
				418FB3732CE0B1D20094FF7E /* SignUpScreen */,
				41C116BD2CE0A616004B5F43 /* WelcomingScreen */,
				415782502CDE6FA500DB83BE /* LoginScreen */,
				413303792CDDDEA40010B769 /* UserInfoScreen */,
			);
			path = UserInfoScreens;
			sourceTree = "<group>";
		};
		4157824B2CDE6FA500DB83BE /* View */ = {
			isa = PBXGroup;
			children = (
				4178BFA22CDF3548000D7A79 /* LoginScreenVC+Extension.swift */,
				415782512CDE6FB800DB83BE /* LoginScreen.storyboard */,
				415782532CDE6FC500DB83BE /* LoginScreenVC.swift */,
			);
			path = View;
			sourceTree = "<group>";
		};
		4157824C2CDE6FA500DB83BE /* Interactor */ = {
			isa = PBXGroup;
			children = (
			);
			path = Interactor;
			sourceTree = "<group>";
		};
		4157824D2CDE6FA500DB83BE /* Presenter */ = {
			isa = PBXGroup;
			children = (
			);
			path = Presenter;
			sourceTree = "<group>";
		};
		4157824E2CDE6FA500DB83BE /* Entity */ = {
			isa = PBXGroup;
			children = (
			);
			path = Entity;
			sourceTree = "<group>";
		};
		4157824F2CDE6FA500DB83BE /* Router */ = {
			isa = PBXGroup;
			children = (
			);
			path = Router;
			sourceTree = "<group>";
		};
		415782502CDE6FA500DB83BE /* LoginScreen */ = {
			isa = PBXGroup;
			children = (
				4157824B2CDE6FA500DB83BE /* View */,
				4157824C2CDE6FA500DB83BE /* Interactor */,
				4157824D2CDE6FA500DB83BE /* Presenter */,
				4157824E2CDE6FA500DB83BE /* Entity */,
				4157824F2CDE6FA500DB83BE /* Router */,
				4178BFA42CDF35A0000D7A79 /* Tools */,
			);
			path = LoginScreen;
			sourceTree = "<group>";
		};
		4178BF9F2CDF3364000D7A79 /* UIViewController */ = {
			isa = PBXGroup;
			children = (
				4178BFA02CDF336E000D7A79 /* UIViewController+Extension.swift */,
			);
			path = UIViewController;
			sourceTree = "<group>";
		};
		4178BFA42CDF35A0000D7A79 /* Tools */ = {
			isa = PBXGroup;
			children = (
				4178BFA52CDF35B2000D7A79 /* TextFieldType */,
			);
			path = Tools;
			sourceTree = "<group>";
		};
		4178BFA52CDF35B2000D7A79 /* TextFieldType */ = {
			isa = PBXGroup;
			children = (
				4178BFA62CDF35BD000D7A79 /* TextFieldTypeEnum.swift */,
			);
			path = TextFieldType;
			sourceTree = "<group>";
		};
		418FB36E2CE0B1D20094FF7E /* View */ = {
			isa = PBXGroup;
			children = (
				418FB3742CE0B1EE0094FF7E /* SignUpScreen.storyboard */,
				418FB3762CE0B1FD0094FF7E /* SignUpScreenVC.swift */,
			);
			path = View;
			sourceTree = "<group>";
		};
		418FB36F2CE0B1D20094FF7E /* Interactor */ = {
			isa = PBXGroup;
			children = (
			);
			path = Interactor;
			sourceTree = "<group>";
		};
		418FB3702CE0B1D20094FF7E /* Presenter */ = {
			isa = PBXGroup;
			children = (
			);
			path = Presenter;
			sourceTree = "<group>";
		};
		418FB3712CE0B1D20094FF7E /* Entity */ = {
			isa = PBXGroup;
			children = (
			);
			path = Entity;
			sourceTree = "<group>";
		};
		418FB3722CE0B1D20094FF7E /* Router */ = {
			isa = PBXGroup;
			children = (
			);
			path = Router;
			sourceTree = "<group>";
		};
		418FB3732CE0B1D20094FF7E /* SignUpScreen */ = {
			isa = PBXGroup;
			children = (
				418FB36E2CE0B1D20094FF7E /* View */,
				418FB36F2CE0B1D20094FF7E /* Interactor */,
				418FB3702CE0B1D20094FF7E /* Presenter */,
				418FB3712CE0B1D20094FF7E /* Entity */,
				418FB3722CE0B1D20094FF7E /* Router */,
			);
			path = SignUpScreen;
			sourceTree = "<group>";
		};
		41C08FF92CDB491F000CFBE5 /* Utils */ = {
			isa = PBXGroup;
			children = (
				41C0900C2CDB4C09000CFBE5 /* Shared Protocols */,
				41C08FFA2CDB4925000CFBE5 /* Extensions */,
			);
			path = Utils;
			sourceTree = "<group>";
		};
		41C08FFA2CDB4925000CFBE5 /* Extensions */ = {
			isa = PBXGroup;
			children = (
				4178BF9F2CDF3364000D7A79 /* UIViewController */,
				413303862CDDE3830010B769 /* Date */,
				413303832CDDE2F90010B769 /* String */,
				411E03D72CDC81FB0089073E /* UIView */,
				41C08FFB2CDB492D000CFBE5 /* UIImageView */,
			);
			path = Extensions;
			sourceTree = "<group>";
		};
		41C08FFB2CDB492D000CFBE5 /* UIImageView */ = {
			isa = PBXGroup;
			children = (
				41C08FFC2CDB4941000CFBE5 /* UIImageView+Extension.swift */,
			);
			path = UIImageView;
			sourceTree = "<group>";
		};
		41C090002CDB4ACE000CFBE5 /* View */ = {
			isa = PBXGroup;
			children = (
				4133037A2CDDDEB80010B769 /* ViewCells */,
				4133037B2CDDDECC0010B769 /* TitlesListScreen.storyboard */,
				4133037D2CDDDEE90010B769 /* TitlesListScreenVC.swift */,
			);
			path = View;
			sourceTree = "<group>";
		};
		41C090012CDB4ACE000CFBE5 /* Interactor */ = {
			isa = PBXGroup;
			children = (
				4133039E2CDDEDDD0010B769 /* TitlesListScreenInteractor.swift */,
			);
			path = Interactor;
			sourceTree = "<group>";
		};
		41C090022CDB4ACE000CFBE5 /* Presenter */ = {
			isa = PBXGroup;
			children = (
				413303A02CDDEDFD0010B769 /* TitlesListScreenPresenter.swift */,
			);
			path = Presenter;
			sourceTree = "<group>";
		};
		41C090032CDB4ACE000CFBE5 /* Entity */ = {
			isa = PBXGroup;
			children = (
			);
			path = Entity;
			sourceTree = "<group>";
		};
		41C090042CDB4ACE000CFBE5 /* Router */ = {
			isa = PBXGroup;
			children = (
				413303A22CDDEE060010B769 /* TitlesListScreenRouter.swift */,
			);
			path = Router;
			sourceTree = "<group>";
		};
		41C090052CDB4ACE000CFBE5 /* TitlesListScreen */ = {
			isa = PBXGroup;
			children = (
				41C090002CDB4ACE000CFBE5 /* View */,
				41C090012CDB4ACE000CFBE5 /* Interactor */,
				41C090022CDB4ACE000CFBE5 /* Presenter */,
				41C090032CDB4ACE000CFBE5 /* Entity */,
				41C090042CDB4ACE000CFBE5 /* Router */,
			);
			path = TitlesListScreen;
			sourceTree = "<group>";
		};
		41C0900C2CDB4C09000CFBE5 /* Shared Protocols */ = {
			isa = PBXGroup;
			children = (
				41C0900D2CDB4C12000CFBE5 /* ViewIdentity.swift */,
			);
			path = "Shared Protocols";
			sourceTree = "<group>";
		};
		41C0900F2CDB5091000CFBE5 /* View */ = {
			isa = PBXGroup;
			children = (
				411E03CC2CDC19BE0089073E /* View */,
				411E03CE2CDC19D50089073E /* ViewController */,
				411E03DC2CDCAB310089073E /* AuxiliarViews */,
			);
			path = View;
			sourceTree = "<group>";
		};
		41C090102CDB5091000CFBE5 /* Interactor */ = {
			isa = PBXGroup;
			children = (
				41FFE6A92CDD7268007A3800 /* HomeScreenInteractor.swift */,
				41FFE6A02CDD590A007A3800 /* Networking */,
			);
			path = Interactor;
			sourceTree = "<group>";
		};
		41C090112CDB5091000CFBE5 /* Presenter */ = {
			isa = PBXGroup;
			children = (
				41FFE6AB2CDD7678007A3800 /* HomeScreenPresenter.swift */,
			);
			path = Presenter;
			sourceTree = "<group>";
		};
		41C090122CDB5091000CFBE5 /* Entity */ = {
			isa = PBXGroup;
			children = (
				411E03DA2CDCA4C20089073E /* Titles.swift */,
			);
			path = Entity;
			sourceTree = "<group>";
		};
		41C090132CDB5091000CFBE5 /* Router */ = {
			isa = PBXGroup;
			children = (
				41FFE6AD2CDD7900007A3800 /* HomeScreenRouter.swift */,
			);
			path = Router;
			sourceTree = "<group>";
		};
		41C090142CDB5091000CFBE5 /* HomeScreen */ = {
			isa = PBXGroup;
			children = (
				41C0900F2CDB5091000CFBE5 /* View */,
				41C090102CDB5091000CFBE5 /* Interactor */,
				41C090112CDB5091000CFBE5 /* Presenter */,
				41C090122CDB5091000CFBE5 /* Entity */,
				41C090132CDB5091000CFBE5 /* Router */,
				41D5AFBC2CDC16DE00D87EC9 /* Tools */,
			);
			path = HomeScreen;
			sourceTree = "<group>";
		};
		41C090192CDB5591000CFBE5 /* AppLocalizedStrings */ = {
			isa = PBXGroup;
			children = (
				41C0901C2CDB5B41000CFBE5 /* Localizable.xcstrings */,
			);
			path = AppLocalizedStrings;
			sourceTree = "<group>";
		};
		41C116B82CE0A616004B5F43 /* View */ = {
			isa = PBXGroup;
			children = (
				418FB3662CE0AAFD0094FF7E /* WelcomingScreen.storyboard */,
				418FB3682CE0AB1A0094FF7E /* WelcomingScreenVC.swift */,
			);
			path = View;
			sourceTree = "<group>";
		};
		41C116B92CE0A616004B5F43 /* Interactor */ = {
			isa = PBXGroup;
			children = (
			);
			path = Interactor;
			sourceTree = "<group>";
		};
		41C116BA2CE0A616004B5F43 /* Presenter */ = {
			isa = PBXGroup;
			children = (
				418FB36A2CE0AF070094FF7E /* WelcomingScreenPresenter.swift */,
			);
			path = Presenter;
			sourceTree = "<group>";
		};
		41C116BB2CE0A616004B5F43 /* Entity */ = {
			isa = PBXGroup;
			children = (
			);
			path = Entity;
			sourceTree = "<group>";
		};
		41C116BC2CE0A616004B5F43 /* Router */ = {
			isa = PBXGroup;
			children = (
				418FB36C2CE0AF540094FF7E /* WelcomingScreenRouter.swift */,
			);
			path = Router;
			sourceTree = "<group>";
		};
		41C116BD2CE0A616004B5F43 /* WelcomingScreen */ = {
			isa = PBXGroup;
			children = (
				41C116B82CE0A616004B5F43 /* View */,
				41C116B92CE0A616004B5F43 /* Interactor */,
				41C116BA2CE0A616004B5F43 /* Presenter */,
				41C116BB2CE0A616004B5F43 /* Entity */,
				41C116BC2CE0A616004B5F43 /* Router */,
			);
			path = WelcomingScreen;
			sourceTree = "<group>";
		};
		41D5AFBC2CDC16DE00D87EC9 /* Tools */ = {
			isa = PBXGroup;
			children = (
				413303A62CDE161C0010B769 /* GetLanguage */,
				413303712CDDCB060010B769 /* FetchTypeEnum */,
				411E03CB2CDC19AA0089073E /* LayoutFactory */,
				41D5AFBD2CDC16EA00D87EC9 /* HomeStrings */,
			);
			path = Tools;
			sourceTree = "<group>";
		};
		41D5AFBD2CDC16EA00D87EC9 /* HomeStrings */ = {
			isa = PBXGroup;
			children = (
				41D5AFBE2CDC16F200D87EC9 /* HomeStrings.swift */,
			);
			path = HomeStrings;
			sourceTree = "<group>";
		};
		41E478A32CDB3DDE0012C6D7 = {
			isa = PBXGroup;
			children = (
				41E478ED2CDB3DEC0012C6D7 /* El Taquillero */,
				41E478F82CDB3DF00012C6D7 /* El TaquilleroTests */,
				41E478FC2CDB3DF20012C6D7 /* El TaquilleroUITests */,
				41E478AD2CDB3DDE0012C6D7 /* Products */,
			);
			sourceTree = "<group>";
		};
		41E478AD2CDB3DDE0012C6D7 /* Products */ = {
			isa = PBXGroup;
			children = (
				41E478AC2CDB3DDE0012C6D7 /* El Taquillero.app */,
				41E478C52CDB3DE00012C6D7 /* El TaquilleroTests.xctest */,
				41E478CF2CDB3DE00012C6D7 /* El TaquilleroUITests.xctest */,
			);
			name = Products;
			sourceTree = "<group>";
		};
		41E478ED2CDB3DEC0012C6D7 /* El Taquillero */ = {
			isa = PBXGroup;
			children = (
				41E479032CDB408D0012C6D7 /* Core */,
				41E479042CDB40940012C6D7 /* Features */,
				41E478E42CDB3DEC0012C6D7 /* Assets.xcassets */,
				41E478E52CDB3DEC0012C6D7 /* El_Taquillero.xcdatamodeld */,
				41E478E62CDB3DEC0012C6D7 /* Info.plist */,
			);
			path = "El Taquillero";
			sourceTree = "<group>";
		};
		41E478F82CDB3DF00012C6D7 /* El TaquilleroTests */ = {
			isa = PBXGroup;
			children = (
				41E478F72CDB3DF00012C6D7 /* El_TaquilleroTests.swift */,
			);
			path = "El TaquilleroTests";
			sourceTree = "<group>";
		};
		41E478FC2CDB3DF20012C6D7 /* El TaquilleroUITests */ = {
			isa = PBXGroup;
			children = (
				41E478FA2CDB3DF20012C6D7 /* El_TaquilleroUITests.swift */,
				41E478FB2CDB3DF20012C6D7 /* El_TaquilleroUITestsLaunchTests.swift */,
			);
			path = "El TaquilleroUITests";
			sourceTree = "<group>";
		};
		41E479032CDB408D0012C6D7 /* Core */ = {
			isa = PBXGroup;
			children = (
				413303892CDDE82B0010B769 /* TabBar */,
				41FFE6992CDD559F007A3800 /* Networking */,
				41C090192CDB5591000CFBE5 /* AppLocalizedStrings */,
				41C08FF92CDB491F000CFBE5 /* Utils */,
				41E4790D2CDB45720012C6D7 /* CustomFont */,
				41E478E32CDB3DEC0012C6D7 /* AppDelegate.swift */,
				41E478EB2CDB3DEC0012C6D7 /* SceneDelegate.swift */,
				41E478E82CDB3DEC0012C6D7 /* LaunchScreen.storyboard */,
				41E478EA2CDB3DEC0012C6D7 /* Main.storyboard */,
				41FFE6A32CDD5EAA007A3800 /* Config.plist */,
			);
			path = Core;
			sourceTree = "<group>";
		};
		41E479042CDB40940012C6D7 /* Features */ = {
			isa = PBXGroup;
			children = (
				41E479072CDB420A0012C6D7 /* CustomLaunchScreen */,
				415782492CDE6F6600DB83BE /* HomeScreens */,
				4157824A2CDE6F7100DB83BE /* UserInfoScreens */,
				413303B02CDE230C0010B769 /* Template */,
			);
			path = Features;
			sourceTree = "<group>";
		};
		41E479072CDB420A0012C6D7 /* CustomLaunchScreen */ = {
			isa = PBXGroup;
			children = (
				41E479082CDB42150012C6D7 /* View */,
				41E479092CDB421D0012C6D7 /* Interactor */,
				41E4790C2CDB423B0012C6D7 /* Presenter */,
				41E4790B2CDB42340012C6D7 /* Entity */,
				41E4790A2CDB422C0012C6D7 /* Router */,
			);
			path = CustomLaunchScreen;
			sourceTree = "<group>";
		};
		41E479082CDB42150012C6D7 /* View */ = {
			isa = PBXGroup;
			children = (
				41E479012CDB3FFD0012C6D7 /* CustomLaunchScreen.storyboard */,
				41E479052CDB40BB0012C6D7 /* CustomLaunchScreenVC.swift */,
			);
			path = View;
			sourceTree = "<group>";
		};
		41E479092CDB421D0012C6D7 /* Interactor */ = {
			isa = PBXGroup;
			children = (
			);
			path = Interactor;
			sourceTree = "<group>";
		};
		41E4790A2CDB422C0012C6D7 /* Router */ = {
			isa = PBXGroup;
			children = (
				41C0900A2CDB4BE2000CFBE5 /* CustomLaunchScreenRouter.swift */,
			);
			path = Router;
			sourceTree = "<group>";
		};
		41E4790B2CDB42340012C6D7 /* Entity */ = {
			isa = PBXGroup;
			children = (
			);
			path = Entity;
			sourceTree = "<group>";
		};
		41E4790C2CDB423B0012C6D7 /* Presenter */ = {
			isa = PBXGroup;
			children = (
				41C090082CDB4BA3000CFBE5 /* CustomLaunchScreenPresenter.swift */,
			);
			path = Presenter;
			sourceTree = "<group>";
		};
		41E4790D2CDB45720012C6D7 /* CustomFont */ = {
			isa = PBXGroup;
			children = (
				41E479192CDB457D0012C6D7 /* Lato */,
			);
			path = CustomFont;
			sourceTree = "<group>";
		};
		41E479192CDB457D0012C6D7 /* Lato */ = {
			isa = PBXGroup;
			children = (
				41E4790E2CDB457D0012C6D7 /* Lato-Black.ttf */,
				41E4790F2CDB457D0012C6D7 /* Lato-BlackItalic.ttf */,
				41E479102CDB457D0012C6D7 /* Lato-Bold.ttf */,
				41E479112CDB457D0012C6D7 /* Lato-BoldItalic.ttf */,
				41E479122CDB457D0012C6D7 /* Lato-Italic.ttf */,
				41E479132CDB457D0012C6D7 /* Lato-Light.ttf */,
				41E479142CDB457D0012C6D7 /* Lato-LightItalic.ttf */,
				41E479152CDB457D0012C6D7 /* Lato-Regular.ttf */,
				41E479162CDB457D0012C6D7 /* Lato-Thin.ttf */,
				41E479172CDB457D0012C6D7 /* Lato-ThinItalic.ttf */,
				41E479182CDB457D0012C6D7 /* OFL.txt */,
			);
			path = Lato;
			sourceTree = "<group>";
		};
		41FFE6992CDD559F007A3800 /* Networking */ = {
			isa = PBXGroup;
			children = (
				41FFE6A52CDD6048007A3800 /* ReadToken.swift */,
				41FFE69E2CDD5881007A3800 /* HTTPRequest.swift */,
				41FFE69A2CDD56F7007A3800 /* Endpoint.swift */,
				41FFE69C2CDD5713007A3800 /* RequestComponents.swift */,
			);
			path = Networking;
			sourceTree = "<group>";
		};
		41FFE6A02CDD590A007A3800 /* Networking */ = {
			isa = PBXGroup;
			children = (
				41FFE6A12CDD593F007A3800 /* HomeEndpoints.swift */,
				41FFE6A72CDD62AE007A3800 /* HomeServices.swift */,
			);
			path = Networking;
			sourceTree = "<group>";
		};
/* End PBXGroup section */

/* Begin PBXNativeTarget section */
		41E478AB2CDB3DDE0012C6D7 /* El Taquillero */ = {
			isa = PBXNativeTarget;
			buildConfigurationList = 41E478D82CDB3DE00012C6D7 /* Build configuration list for PBXNativeTarget "El Taquillero" */;
			buildPhases = (
				41E478A82CDB3DDE0012C6D7 /* Sources */,
				41E478A92CDB3DDE0012C6D7 /* Frameworks */,
				41E478AA2CDB3DDE0012C6D7 /* Resources */,
			);
			buildRules = (
			);
			dependencies = (
			);
			name = "El Taquillero";
			packageProductDependencies = (
			);
			productName = "El Taquillero";
			productReference = 41E478AC2CDB3DDE0012C6D7 /* El Taquillero.app */;
			productType = "com.apple.product-type.application";
		};
		41E478C42CDB3DE00012C6D7 /* El TaquilleroTests */ = {
			isa = PBXNativeTarget;
			buildConfigurationList = 41E478DD2CDB3DE00012C6D7 /* Build configuration list for PBXNativeTarget "El TaquilleroTests" */;
			buildPhases = (
				41E478C12CDB3DE00012C6D7 /* Sources */,
				41E478C22CDB3DE00012C6D7 /* Frameworks */,
				41E478C32CDB3DE00012C6D7 /* Resources */,
			);
			buildRules = (
			);
			dependencies = (
				41E478C72CDB3DE00012C6D7 /* PBXTargetDependency */,
			);
			name = "El TaquilleroTests";
			packageProductDependencies = (
			);
			productName = "El TaquilleroTests";
			productReference = 41E478C52CDB3DE00012C6D7 /* El TaquilleroTests.xctest */;
			productType = "com.apple.product-type.bundle.unit-test";
		};
		41E478CE2CDB3DE00012C6D7 /* El TaquilleroUITests */ = {
			isa = PBXNativeTarget;
			buildConfigurationList = 41E478E02CDB3DE00012C6D7 /* Build configuration list for PBXNativeTarget "El TaquilleroUITests" */;
			buildPhases = (
				41E478CB2CDB3DE00012C6D7 /* Sources */,
				41E478CC2CDB3DE00012C6D7 /* Frameworks */,
				41E478CD2CDB3DE00012C6D7 /* Resources */,
			);
			buildRules = (
			);
			dependencies = (
				41E478D12CDB3DE00012C6D7 /* PBXTargetDependency */,
			);
			name = "El TaquilleroUITests";
			packageProductDependencies = (
			);
			productName = "El TaquilleroUITests";
			productReference = 41E478CF2CDB3DE00012C6D7 /* El TaquilleroUITests.xctest */;
			productType = "com.apple.product-type.bundle.ui-testing";
		};
/* End PBXNativeTarget section */

/* Begin PBXProject section */
		41E478A42CDB3DDE0012C6D7 /* Project object */ = {
			isa = PBXProject;
			attributes = {
				BuildIndependentTargetsInParallel = 1;
				LastSwiftUpdateCheck = 1610;
				LastUpgradeCheck = 1610;
				TargetAttributes = {
					41E478AB2CDB3DDE0012C6D7 = {
						CreatedOnToolsVersion = 16.1;
					};
					41E478C42CDB3DE00012C6D7 = {
						CreatedOnToolsVersion = 16.1;
						TestTargetID = 41E478AB2CDB3DDE0012C6D7;
					};
					41E478CE2CDB3DE00012C6D7 = {
						CreatedOnToolsVersion = 16.1;
						TestTargetID = 41E478AB2CDB3DDE0012C6D7;
					};
				};
			};
			buildConfigurationList = 41E478A72CDB3DDE0012C6D7 /* Build configuration list for PBXProject "El Taquillero" */;
			developmentRegion = en;
			hasScannedForEncodings = 0;
			knownRegions = (
				en,
				Base,
				es,
			);
			mainGroup = 41E478A32CDB3DDE0012C6D7;
			minimizedProjectReferenceProxies = 1;
			preferredProjectObjectVersion = 77;
			productRefGroup = 41E478AD2CDB3DDE0012C6D7 /* Products */;
			projectDirPath = "";
			projectRoot = "";
			targets = (
				41E478AB2CDB3DDE0012C6D7 /* El Taquillero */,
				41E478C42CDB3DE00012C6D7 /* El TaquilleroTests */,
				41E478CE2CDB3DE00012C6D7 /* El TaquilleroUITests */,
			);
		};
/* End PBXProject section */

/* Begin PBXResourcesBuildPhase section */
		41E478AA2CDB3DDE0012C6D7 /* Resources */ = {
			isa = PBXResourcesBuildPhase;
			buildActionMask = 2147483647;
			files = (
				41E478F32CDB3DEC0012C6D7 /* Assets.xcassets in Resources */,
				4133036D2CDDA9F80010B769 /* HomeTitleCell.xib in Resources */,
				41C0901D2CDB5B41000CFBE5 /* Localizable.xcstrings in Resources */,
				41E479022CDB3FFD0012C6D7 /* CustomLaunchScreen.storyboard in Resources */,
				41E4791A2CDB457D0012C6D7 /* Lato-Thin.ttf in Resources */,
				4133037C2CDDDECC0010B769 /* TitlesListScreen.storyboard in Resources */,
				41E4791B2CDB457D0012C6D7 /* OFL.txt in Resources */,
				41E4791C2CDB457D0012C6D7 /* Lato-BlackItalic.ttf in Resources */,
				413303B22CDE23360010B769 /* TitleDetailScreen.storyboard in Resources */,
				41C090162CDB50A5000CFBE5 /* HomeScreen.storyboard in Resources */,
				415782522CDE6FB800DB83BE /* LoginScreen.storyboard in Resources */,
				41E4791D2CDB457D0012C6D7 /* Lato-LightItalic.ttf in Resources */,
				418FB3672CE0AAFD0094FF7E /* WelcomingScreen.storyboard in Resources */,
				41E4791E2CDB457D0012C6D7 /* Lato-Italic.ttf in Resources */,
				41E4791F2CDB457D0012C6D7 /* Lato-ThinItalic.ttf in Resources */,
				41E479202CDB457D0012C6D7 /* Lato-Regular.ttf in Resources */,
				41E479212CDB457D0012C6D7 /* Lato-Black.ttf in Resources */,
				41E479222CDB457D0012C6D7 /* Lato-Light.ttf in Resources */,
				41E479232CDB457D0012C6D7 /* Lato-Bold.ttf in Resources */,
				41E479242CDB457D0012C6D7 /* Lato-BoldItalic.ttf in Resources */,
				411E03D42CDC1ED60089073E /* HomePosterCell.xib in Resources */,
				41E478F52CDB3DEC0012C6D7 /* LaunchScreen.storyboard in Resources */,
				4133039B2CDDE9D70010B769 /* UserInfoScreen.storyboard in Resources */,
				41E478F62CDB3DEC0012C6D7 /* Main.storyboard in Resources */,
				418FB3752CE0B1EE0094FF7E /* SignUpScreen.storyboard in Resources */,
				41FFE6A42CDD5EAA007A3800 /* Config.plist in Resources */,
				413303822CDDE05E0010B769 /* TitleTableCell.xib in Resources */,
				413303932CDDE9050010B769 /* TabBarScreen.storyboard in Resources */,
			);
			runOnlyForDeploymentPostprocessing = 0;
		};
		41E478C32CDB3DE00012C6D7 /* Resources */ = {
			isa = PBXResourcesBuildPhase;
			buildActionMask = 2147483647;
			files = (
			);
			runOnlyForDeploymentPostprocessing = 0;
		};
		41E478CD2CDB3DE00012C6D7 /* Resources */ = {
			isa = PBXResourcesBuildPhase;
			buildActionMask = 2147483647;
			files = (
			);
			runOnlyForDeploymentPostprocessing = 0;
		};
/* End PBXResourcesBuildPhase section */

/* Begin PBXSourcesBuildPhase section */
		41E478A82CDB3DDE0012C6D7 /* Sources */ = {
			isa = PBXSourcesBuildPhase;
			buildActionMask = 2147483647;
			files = (
				415782542CDE6FC500DB83BE /* LoginScreenVC.swift in Sources */,
				41C08FFD2CDB4953000CFBE5 /* UIImageView+Extension.swift in Sources */,
				41FFE6A62CDD6055007A3800 /* ReadToken.swift in Sources */,
				411E03D32CDC1ED60089073E /* HomePosterCell.swift in Sources */,
				41C0900B2CDB4BE8000CFBE5 /* CustomLaunchScreenRouter.swift in Sources */,
				4133039F2CDDEDE60010B769 /* TitlesListScreenInteractor.swift in Sources */,
				41FFE6AA2CDD7272007A3800 /* HomeScreenInteractor.swift in Sources */,
				41C0900E2CDB4C1F000CFBE5 /* ViewIdentity.swift in Sources */,
				413303732CDDCB100010B769 /* FetchType.swift in Sources */,
				413303B42CDE23510010B769 /* TitleDetailScreenVC.swift in Sources */,
				4133037E2CDDDEEA0010B769 /* TitlesListScreenVC.swift in Sources */,
				413303852CDDE3070010B769 /* String+Extension.swift in Sources */,
				41D5AFBF2CDC16F700D87EC9 /* HomeStrings.swift in Sources */,
				411E03D02CDC1A430089073E /* LayoutFactory.swift in Sources */,
				411E03D62CDC220B0089073E /* HomeScreenVC+UICollectionViewExtension.swift in Sources */,
				41E478EF2CDB3DEC0012C6D7 /* AppDelegate.swift in Sources */,
				4133039D2CDDE9FF0010B769 /* UserInfoScreenVC.swift in Sources */,
				411E03D92CDC820A0089073E /* UIView+Extension.swift in Sources */,
				418FB36B2CE0AF110094FF7E /* WelcomingScreenPresenter.swift in Sources */,
				411E03DB2CDCA4C70089073E /* Titles.swift in Sources */,
				41C090092CDB4BB0000CFBE5 /* CustomLaunchScreenPresenter.swift in Sources */,
				413303A12CDDEDFD0010B769 /* TitlesListScreenPresenter.swift in Sources */,
				41FFE6AC2CDD767D007A3800 /* HomeScreenPresenter.swift in Sources */,
				413303A32CDDEE060010B769 /* TitlesListScreenRouter.swift in Sources */,
				41FFE6A82CDD62B3007A3800 /* HomeServices.swift in Sources */,
				41FFE6A22CDD593F007A3800 /* HomeEndpoints.swift in Sources */,
				413303AA2CDE16400010B769 /* GetLanguageCode.swift in Sources */,
				41E478F02CDB3DEC0012C6D7 /* El_Taquillero.xcdatamodeld in Sources */,
				4178BFA12CDF3377000D7A79 /* UIViewController+Extension.swift in Sources */,
				41E479062CDB40BB0012C6D7 /* CustomLaunchScreenVC.swift in Sources */,
				413303882CDDE38B0010B769 /* Date+Extension.swift in Sources */,
				41FFE6AE2CDD7905007A3800 /* HomeScreenRouter.swift in Sources */,
				413303702CDDADA40010B769 /* HeaderView.swift in Sources */,
				418FB3692CE0AB1A0094FF7E /* WelcomingScreenVC.swift in Sources */,
				4133038C2CDDE8980010B769 /* TabBarScreenVC.swift in Sources */,
				41E478F12CDB3DEC0012C6D7 /* SceneDelegate.swift in Sources */,
				413303812CDDE05E0010B769 /* TitleTableCell.swift in Sources */,
				411E03DE2CDCAB4A0089073E /* PageControlFooterView.swift in Sources */,
				41FFE69B2CDD56F7007A3800 /* Endpoint.swift in Sources */,
				41FFE69F2CDD5885007A3800 /* HTTPRequest.swift in Sources */,
				41FFE69D2CDD5713007A3800 /* RequestComponents.swift in Sources */,
				41C090182CDB50B5000CFBE5 /* HomeScreenVC.swift in Sources */,
				4178BFA32CDF3550000D7A79 /* LoginScreenVC+Extension.swift in Sources */,
				4133036E2CDDA9F80010B769 /* HomeTitleCell.swift in Sources */,
				418FB36D2CE0AF5D0094FF7E /* WelcomingScreenRouter.swift in Sources */,
				4178BFA72CDF35C3000D7A79 /* TextFieldTypeEnum.swift in Sources */,
				418FB3772CE0B1FD0094FF7E /* SignUpScreenVC.swift in Sources */,
			);
			runOnlyForDeploymentPostprocessing = 0;
		};
		41E478C12CDB3DE00012C6D7 /* Sources */ = {
			isa = PBXSourcesBuildPhase;
			buildActionMask = 2147483647;
			files = (
				41E478F92CDB3DF00012C6D7 /* El_TaquilleroTests.swift in Sources */,
			);
			runOnlyForDeploymentPostprocessing = 0;
		};
		41E478CB2CDB3DE00012C6D7 /* Sources */ = {
			isa = PBXSourcesBuildPhase;
			buildActionMask = 2147483647;
			files = (
				41E478FD2CDB3DF20012C6D7 /* El_TaquilleroUITests.swift in Sources */,
				41E478FE2CDB3DF20012C6D7 /* El_TaquilleroUITestsLaunchTests.swift in Sources */,
			);
			runOnlyForDeploymentPostprocessing = 0;
		};
/* End PBXSourcesBuildPhase section */

/* Begin PBXTargetDependency section */
		41E478C72CDB3DE00012C6D7 /* PBXTargetDependency */ = {
			isa = PBXTargetDependency;
			target = 41E478AB2CDB3DDE0012C6D7 /* El Taquillero */;
			targetProxy = 41E478C62CDB3DE00012C6D7 /* PBXContainerItemProxy */;
		};
		41E478D12CDB3DE00012C6D7 /* PBXTargetDependency */ = {
			isa = PBXTargetDependency;
			target = 41E478AB2CDB3DDE0012C6D7 /* El Taquillero */;
			targetProxy = 41E478D02CDB3DE00012C6D7 /* PBXContainerItemProxy */;
		};
/* End PBXTargetDependency section */

/* Begin PBXVariantGroup section */
		41E478E82CDB3DEC0012C6D7 /* LaunchScreen.storyboard */ = {
			isa = PBXVariantGroup;
			children = (
				41E478E72CDB3DEC0012C6D7 /* Base */,
			);
			name = LaunchScreen.storyboard;
			sourceTree = "<group>";
		};
		41E478EA2CDB3DEC0012C6D7 /* Main.storyboard */ = {
			isa = PBXVariantGroup;
			children = (
				41E478E92CDB3DEC0012C6D7 /* Base */,
			);
			name = Main.storyboard;
			sourceTree = "<group>";
		};
/* End PBXVariantGroup section */

/* Begin XCBuildConfiguration section */
		41E478D92CDB3DE00012C6D7 /* Debug */ = {
			isa = XCBuildConfiguration;
			buildSettings = {
				ASSETCATALOG_COMPILER_APPICON_NAME = AppIcon;
				ASSETCATALOG_COMPILER_GLOBAL_ACCENT_COLOR_NAME = AccentColor;
				CODE_SIGN_STYLE = Automatic;
				CURRENT_PROJECT_VERSION = 1;
				DEVELOPMENT_TEAM = R83QFJW7B8;
				GENERATE_INFOPLIST_FILE = YES;
				INFOPLIST_FILE = "El Taquillero/Info.plist";
				INFOPLIST_KEY_UIApplicationSupportsIndirectInputEvents = YES;
				INFOPLIST_KEY_UILaunchStoryboardName = LaunchScreen;
				INFOPLIST_KEY_UIMainStoryboardFile = Main;
				INFOPLIST_KEY_UISupportedInterfaceOrientations_iPad = "UIInterfaceOrientationPortrait UIInterfaceOrientationPortraitUpsideDown UIInterfaceOrientationLandscapeLeft UIInterfaceOrientationLandscapeRight";
				INFOPLIST_KEY_UISupportedInterfaceOrientations_iPhone = "UIInterfaceOrientationPortrait UIInterfaceOrientationLandscapeLeft UIInterfaceOrientationLandscapeRight";
				LD_RUNPATH_SEARCH_PATHS = (
					"$(inherited)",
					"@executable_path/Frameworks",
				);
				MARKETING_VERSION = 1.0;
				PRODUCT_BUNDLE_IDENTIFIER = "Diefonro.El-Taquillero";
				PRODUCT_NAME = "$(TARGET_NAME)";
				SWIFT_EMIT_LOC_STRINGS = YES;
				SWIFT_VERSION = 5.0;
				TARGETED_DEVICE_FAMILY = "1,2";
			};
			name = Debug;
		};
		41E478DA2CDB3DE00012C6D7 /* Release */ = {
			isa = XCBuildConfiguration;
			buildSettings = {
				ASSETCATALOG_COMPILER_APPICON_NAME = AppIcon;
				ASSETCATALOG_COMPILER_GLOBAL_ACCENT_COLOR_NAME = AccentColor;
				CODE_SIGN_STYLE = Automatic;
				CURRENT_PROJECT_VERSION = 1;
				DEVELOPMENT_TEAM = R83QFJW7B8;
				GENERATE_INFOPLIST_FILE = YES;
				INFOPLIST_FILE = "El Taquillero/Info.plist";
				INFOPLIST_KEY_UIApplicationSupportsIndirectInputEvents = YES;
				INFOPLIST_KEY_UILaunchStoryboardName = LaunchScreen;
				INFOPLIST_KEY_UIMainStoryboardFile = Main;
				INFOPLIST_KEY_UISupportedInterfaceOrientations_iPad = "UIInterfaceOrientationPortrait UIInterfaceOrientationPortraitUpsideDown UIInterfaceOrientationLandscapeLeft UIInterfaceOrientationLandscapeRight";
				INFOPLIST_KEY_UISupportedInterfaceOrientations_iPhone = "UIInterfaceOrientationPortrait UIInterfaceOrientationLandscapeLeft UIInterfaceOrientationLandscapeRight";
				LD_RUNPATH_SEARCH_PATHS = (
					"$(inherited)",
					"@executable_path/Frameworks",
				);
				MARKETING_VERSION = 1.0;
				PRODUCT_BUNDLE_IDENTIFIER = "Diefonro.El-Taquillero";
				PRODUCT_NAME = "$(TARGET_NAME)";
				SWIFT_EMIT_LOC_STRINGS = YES;
				SWIFT_VERSION = 5.0;
				TARGETED_DEVICE_FAMILY = "1,2";
			};
			name = Release;
		};
		41E478DB2CDB3DE00012C6D7 /* Debug */ = {
			isa = XCBuildConfiguration;
			buildSettings = {
				ALWAYS_SEARCH_USER_PATHS = NO;
				ASSETCATALOG_COMPILER_GENERATE_SWIFT_ASSET_SYMBOL_EXTENSIONS = YES;
				CLANG_ANALYZER_NONNULL = YES;
				CLANG_ANALYZER_NUMBER_OBJECT_CONVERSION = YES_AGGRESSIVE;
				CLANG_CXX_LANGUAGE_STANDARD = "gnu++20";
				CLANG_ENABLE_MODULES = YES;
				CLANG_ENABLE_OBJC_ARC = YES;
				CLANG_ENABLE_OBJC_WEAK = YES;
				CLANG_WARN_BLOCK_CAPTURE_AUTORELEASING = YES;
				CLANG_WARN_BOOL_CONVERSION = YES;
				CLANG_WARN_COMMA = YES;
				CLANG_WARN_CONSTANT_CONVERSION = YES;
				CLANG_WARN_DEPRECATED_OBJC_IMPLEMENTATIONS = YES;
				CLANG_WARN_DIRECT_OBJC_ISA_USAGE = YES_ERROR;
				CLANG_WARN_DOCUMENTATION_COMMENTS = YES;
				CLANG_WARN_EMPTY_BODY = YES;
				CLANG_WARN_ENUM_CONVERSION = YES;
				CLANG_WARN_INFINITE_RECURSION = YES;
				CLANG_WARN_INT_CONVERSION = YES;
				CLANG_WARN_NON_LITERAL_NULL_CONVERSION = YES;
				CLANG_WARN_OBJC_IMPLICIT_RETAIN_SELF = YES;
				CLANG_WARN_OBJC_LITERAL_CONVERSION = YES;
				CLANG_WARN_OBJC_ROOT_CLASS = YES_ERROR;
				CLANG_WARN_QUOTED_INCLUDE_IN_FRAMEWORK_HEADER = YES;
				CLANG_WARN_RANGE_LOOP_ANALYSIS = YES;
				CLANG_WARN_STRICT_PROTOTYPES = YES;
				CLANG_WARN_SUSPICIOUS_MOVE = YES;
				CLANG_WARN_UNGUARDED_AVAILABILITY = YES_AGGRESSIVE;
				CLANG_WARN_UNREACHABLE_CODE = YES;
				CLANG_WARN__DUPLICATE_METHOD_MATCH = YES;
				COPY_PHASE_STRIP = NO;
				DEBUG_INFORMATION_FORMAT = dwarf;
				ENABLE_STRICT_OBJC_MSGSEND = YES;
				ENABLE_TESTABILITY = YES;
				ENABLE_USER_SCRIPT_SANDBOXING = YES;
				GCC_C_LANGUAGE_STANDARD = gnu17;
				GCC_DYNAMIC_NO_PIC = NO;
				GCC_NO_COMMON_BLOCKS = YES;
				GCC_OPTIMIZATION_LEVEL = 0;
				GCC_PREPROCESSOR_DEFINITIONS = (
					"DEBUG=1",
					"$(inherited)",
				);
				GCC_WARN_64_TO_32_BIT_CONVERSION = YES;
				GCC_WARN_ABOUT_RETURN_TYPE = YES_ERROR;
				GCC_WARN_UNDECLARED_SELECTOR = YES;
				GCC_WARN_UNINITIALIZED_AUTOS = YES_AGGRESSIVE;
				GCC_WARN_UNUSED_FUNCTION = YES;
				GCC_WARN_UNUSED_VARIABLE = YES;
				IPHONEOS_DEPLOYMENT_TARGET = 18.1;
				LOCALIZATION_PREFERS_STRING_CATALOGS = YES;
				MTL_ENABLE_DEBUG_INFO = INCLUDE_SOURCE;
				MTL_FAST_MATH = YES;
				ONLY_ACTIVE_ARCH = YES;
				SDKROOT = iphoneos;
				SWIFT_ACTIVE_COMPILATION_CONDITIONS = "DEBUG $(inherited)";
				SWIFT_EMIT_LOC_STRINGS = YES;
				SWIFT_OPTIMIZATION_LEVEL = "-Onone";
			};
			name = Debug;
		};
		41E478DC2CDB3DE00012C6D7 /* Release */ = {
			isa = XCBuildConfiguration;
			buildSettings = {
				ALWAYS_SEARCH_USER_PATHS = NO;
				ASSETCATALOG_COMPILER_GENERATE_SWIFT_ASSET_SYMBOL_EXTENSIONS = YES;
				CLANG_ANALYZER_NONNULL = YES;
				CLANG_ANALYZER_NUMBER_OBJECT_CONVERSION = YES_AGGRESSIVE;
				CLANG_CXX_LANGUAGE_STANDARD = "gnu++20";
				CLANG_ENABLE_MODULES = YES;
				CLANG_ENABLE_OBJC_ARC = YES;
				CLANG_ENABLE_OBJC_WEAK = YES;
				CLANG_WARN_BLOCK_CAPTURE_AUTORELEASING = YES;
				CLANG_WARN_BOOL_CONVERSION = YES;
				CLANG_WARN_COMMA = YES;
				CLANG_WARN_CONSTANT_CONVERSION = YES;
				CLANG_WARN_DEPRECATED_OBJC_IMPLEMENTATIONS = YES;
				CLANG_WARN_DIRECT_OBJC_ISA_USAGE = YES_ERROR;
				CLANG_WARN_DOCUMENTATION_COMMENTS = YES;
				CLANG_WARN_EMPTY_BODY = YES;
				CLANG_WARN_ENUM_CONVERSION = YES;
				CLANG_WARN_INFINITE_RECURSION = YES;
				CLANG_WARN_INT_CONVERSION = YES;
				CLANG_WARN_NON_LITERAL_NULL_CONVERSION = YES;
				CLANG_WARN_OBJC_IMPLICIT_RETAIN_SELF = YES;
				CLANG_WARN_OBJC_LITERAL_CONVERSION = YES;
				CLANG_WARN_OBJC_ROOT_CLASS = YES_ERROR;
				CLANG_WARN_QUOTED_INCLUDE_IN_FRAMEWORK_HEADER = YES;
				CLANG_WARN_RANGE_LOOP_ANALYSIS = YES;
				CLANG_WARN_STRICT_PROTOTYPES = YES;
				CLANG_WARN_SUSPICIOUS_MOVE = YES;
				CLANG_WARN_UNGUARDED_AVAILABILITY = YES_AGGRESSIVE;
				CLANG_WARN_UNREACHABLE_CODE = YES;
				CLANG_WARN__DUPLICATE_METHOD_MATCH = YES;
				COPY_PHASE_STRIP = NO;
				DEBUG_INFORMATION_FORMAT = "dwarf-with-dsym";
				ENABLE_NS_ASSERTIONS = NO;
				ENABLE_STRICT_OBJC_MSGSEND = YES;
				ENABLE_USER_SCRIPT_SANDBOXING = YES;
				GCC_C_LANGUAGE_STANDARD = gnu17;
				GCC_NO_COMMON_BLOCKS = YES;
				GCC_WARN_64_TO_32_BIT_CONVERSION = YES;
				GCC_WARN_ABOUT_RETURN_TYPE = YES_ERROR;
				GCC_WARN_UNDECLARED_SELECTOR = YES;
				GCC_WARN_UNINITIALIZED_AUTOS = YES_AGGRESSIVE;
				GCC_WARN_UNUSED_FUNCTION = YES;
				GCC_WARN_UNUSED_VARIABLE = YES;
				IPHONEOS_DEPLOYMENT_TARGET = 18.1;
				LOCALIZATION_PREFERS_STRING_CATALOGS = YES;
				MTL_ENABLE_DEBUG_INFO = NO;
				MTL_FAST_MATH = YES;
				SDKROOT = iphoneos;
				SWIFT_COMPILATION_MODE = wholemodule;
				SWIFT_EMIT_LOC_STRINGS = YES;
				VALIDATE_PRODUCT = YES;
			};
			name = Release;
		};
		41E478DE2CDB3DE00012C6D7 /* Debug */ = {
			isa = XCBuildConfiguration;
			buildSettings = {
				BUNDLE_LOADER = "$(TEST_HOST)";
				CODE_SIGN_STYLE = Automatic;
				CURRENT_PROJECT_VERSION = 1;
				DEVELOPMENT_TEAM = R83QFJW7B8;
				GENERATE_INFOPLIST_FILE = YES;
				IPHONEOS_DEPLOYMENT_TARGET = 18.1;
				MARKETING_VERSION = 1.0;
				PRODUCT_BUNDLE_IDENTIFIER = "Diefonro.El-TaquilleroTests";
				PRODUCT_NAME = "$(TARGET_NAME)";
				SWIFT_EMIT_LOC_STRINGS = NO;
				SWIFT_VERSION = 5.0;
				TARGETED_DEVICE_FAMILY = "1,2";
				TEST_HOST = "$(BUILT_PRODUCTS_DIR)/El Taquillero.app/$(BUNDLE_EXECUTABLE_FOLDER_PATH)/El Taquillero";
			};
			name = Debug;
		};
		41E478DF2CDB3DE00012C6D7 /* Release */ = {
			isa = XCBuildConfiguration;
			buildSettings = {
				BUNDLE_LOADER = "$(TEST_HOST)";
				CODE_SIGN_STYLE = Automatic;
				CURRENT_PROJECT_VERSION = 1;
				DEVELOPMENT_TEAM = R83QFJW7B8;
				GENERATE_INFOPLIST_FILE = YES;
				IPHONEOS_DEPLOYMENT_TARGET = 18.1;
				MARKETING_VERSION = 1.0;
				PRODUCT_BUNDLE_IDENTIFIER = "Diefonro.El-TaquilleroTests";
				PRODUCT_NAME = "$(TARGET_NAME)";
				SWIFT_EMIT_LOC_STRINGS = NO;
				SWIFT_VERSION = 5.0;
				TARGETED_DEVICE_FAMILY = "1,2";
				TEST_HOST = "$(BUILT_PRODUCTS_DIR)/El Taquillero.app/$(BUNDLE_EXECUTABLE_FOLDER_PATH)/El Taquillero";
			};
			name = Release;
		};
		41E478E12CDB3DE00012C6D7 /* Debug */ = {
			isa = XCBuildConfiguration;
			buildSettings = {
				CODE_SIGN_STYLE = Automatic;
				CURRENT_PROJECT_VERSION = 1;
				DEVELOPMENT_TEAM = R83QFJW7B8;
				GENERATE_INFOPLIST_FILE = YES;
				MARKETING_VERSION = 1.0;
				PRODUCT_BUNDLE_IDENTIFIER = "Diefonro.El-TaquilleroUITests";
				PRODUCT_NAME = "$(TARGET_NAME)";
				SWIFT_EMIT_LOC_STRINGS = NO;
				SWIFT_VERSION = 5.0;
				TARGETED_DEVICE_FAMILY = "1,2";
				TEST_TARGET_NAME = "El Taquillero";
			};
			name = Debug;
		};
		41E478E22CDB3DE00012C6D7 /* Release */ = {
			isa = XCBuildConfiguration;
			buildSettings = {
				CODE_SIGN_STYLE = Automatic;
				CURRENT_PROJECT_VERSION = 1;
				DEVELOPMENT_TEAM = R83QFJW7B8;
				GENERATE_INFOPLIST_FILE = YES;
				MARKETING_VERSION = 1.0;
				PRODUCT_BUNDLE_IDENTIFIER = "Diefonro.El-TaquilleroUITests";
				PRODUCT_NAME = "$(TARGET_NAME)";
				SWIFT_EMIT_LOC_STRINGS = NO;
				SWIFT_VERSION = 5.0;
				TARGETED_DEVICE_FAMILY = "1,2";
				TEST_TARGET_NAME = "El Taquillero";
			};
			name = Release;
		};
/* End XCBuildConfiguration section */

/* Begin XCConfigurationList section */
		41E478A72CDB3DDE0012C6D7 /* Build configuration list for PBXProject "El Taquillero" */ = {
			isa = XCConfigurationList;
			buildConfigurations = (
				41E478DB2CDB3DE00012C6D7 /* Debug */,
				41E478DC2CDB3DE00012C6D7 /* Release */,
			);
			defaultConfigurationIsVisible = 0;
			defaultConfigurationName = Release;
		};
		41E478D82CDB3DE00012C6D7 /* Build configuration list for PBXNativeTarget "El Taquillero" */ = {
			isa = XCConfigurationList;
			buildConfigurations = (
				41E478D92CDB3DE00012C6D7 /* Debug */,
				41E478DA2CDB3DE00012C6D7 /* Release */,
			);
			defaultConfigurationIsVisible = 0;
			defaultConfigurationName = Release;
		};
		41E478DD2CDB3DE00012C6D7 /* Build configuration list for PBXNativeTarget "El TaquilleroTests" */ = {
			isa = XCConfigurationList;
			buildConfigurations = (
				41E478DE2CDB3DE00012C6D7 /* Debug */,
				41E478DF2CDB3DE00012C6D7 /* Release */,
			);
			defaultConfigurationIsVisible = 0;
			defaultConfigurationName = Release;
		};
		41E478E02CDB3DE00012C6D7 /* Build configuration list for PBXNativeTarget "El TaquilleroUITests" */ = {
			isa = XCConfigurationList;
			buildConfigurations = (
				41E478E12CDB3DE00012C6D7 /* Debug */,
				41E478E22CDB3DE00012C6D7 /* Release */,
			);
			defaultConfigurationIsVisible = 0;
			defaultConfigurationName = Release;
		};
/* End XCConfigurationList section */

/* Begin XCVersionGroup section */
		41E478E52CDB3DEC0012C6D7 /* El_Taquillero.xcdatamodeld */ = {
			isa = XCVersionGroup;
			children = (
				41E478EE2CDB3DEC0012C6D7 /* El_Taquillero.xcdatamodel */,
			);
			currentVersion = 41E478EE2CDB3DEC0012C6D7 /* El_Taquillero.xcdatamodel */;
			path = El_Taquillero.xcdatamodeld;
			sourceTree = "<group>";
			versionGroupType = wrapper.xcdatamodel;
		};
/* End XCVersionGroup section */
	};
	rootObject = 41E478A42CDB3DDE0012C6D7 /* Project object */;
}
